// !$*UTF8*$!
{
	archiveVersion = 1;
	classes = {
	};
	objectVersion = 77;
	objects = {

/* Begin PBXBuildFile section */
		6B5F708F2DB7C91D000910E4 /* FirebaseAuth in Frameworks */ = {isa = PBXBuildFile; productRef = 6B5F708E2DB7C91D000910E4 /* FirebaseAuth */; };
		6B5F70912DB7C91D000910E4 /* FirebaseDatabase in Frameworks */ = {isa = PBXBuildFile; productRef = 6B5F70902DB7C91D000910E4 /* FirebaseDatabase */; };
		6B5F70932DB7C91D000910E4 /* FirebaseFirestore in Frameworks */ = {isa = PBXBuildFile; productRef = 6B5F70922DB7C91D000910E4 /* FirebaseFirestore */; };
/* End PBXBuildFile section */

/* Begin PBXContainerItemProxy section */
		04B392E52DAE8FB7000AC2C3 /* PBXContainerItemProxy */ = {
			isa = PBXContainerItemProxy;
			containerPortal = 04B392C62DAE8FB5000AC2C3 /* Project object */;
			proxyType = 1;
			remoteGlobalIDString = 04B392CD2DAE8FB5000AC2C3;
			remoteInfo = CLCGrindsetApp;
		};
		04B392EF2DAE8FB7000AC2C3 /* PBXContainerItemProxy */ = {
			isa = PBXContainerItemProxy;
			containerPortal = 04B392C62DAE8FB5000AC2C3 /* Project object */;
			proxyType = 1;
			remoteGlobalIDString = 04B392CD2DAE8FB5000AC2C3;
			remoteInfo = CLCGrindsetApp;
		};
/* End PBXContainerItemProxy section */

/* Begin PBXFileReference section */
		04B392CE2DAE8FB5000AC2C3 /* CLCGrindsetApp.app */ = {isa = PBXFileReference; explicitFileType = wrapper.application; includeInIndex = 0; path = CLCGrindsetApp.app; sourceTree = BUILT_PRODUCTS_DIR; };
		04B392E42DAE8FB7000AC2C3 /* CLCGrindsetAppTests.xctest */ = {isa = PBXFileReference; explicitFileType = wrapper.cfbundle; includeInIndex = 0; path = CLCGrindsetAppTests.xctest; sourceTree = BUILT_PRODUCTS_DIR; };
		04B392EE2DAE8FB7000AC2C3 /* CLCGrindsetAppUITests.xctest */ = {isa = PBXFileReference; explicitFileType = wrapper.cfbundle; includeInIndex = 0; path = CLCGrindsetAppUITests.xctest; sourceTree = BUILT_PRODUCTS_DIR; };
/* End PBXFileReference section */

/* Begin PBXFileSystemSynchronizedBuildFileExceptionSet section */
		04B392F62DAE8FB7000AC2C3 /* Exceptions for "CLCGrindsetApp" folder in "CLCGrindsetApp" target */ = {
			isa = PBXFileSystemSynchronizedBuildFileExceptionSet;
			membershipExceptions = (
				Info.plist,
			);
			target = 04B392CD2DAE8FB5000AC2C3 /* CLCGrindsetApp */;
		};
/* End PBXFileSystemSynchronizedBuildFileExceptionSet section */

/* Begin PBXFileSystemSynchronizedRootGroup section */
		04B392D02DAE8FB5000AC2C3 /* CLCGrindsetApp */ = {
			isa = PBXFileSystemSynchronizedRootGroup;
			exceptions = (
				04B392F62DAE8FB7000AC2C3 /* Exceptions for "CLCGrindsetApp" folder in "CLCGrindsetApp" target */,
			);
			path = CLCGrindsetApp;
			sourceTree = "<group>";
		};
		04B392E72DAE8FB7000AC2C3 /* CLCGrindsetAppTests */ = {
			isa = PBXFileSystemSynchronizedRootGroup;
			path = CLCGrindsetAppTests;
			sourceTree = "<group>";
		};
		04B392F12DAE8FB7000AC2C3 /* CLCGrindsetAppUITests */ = {
			isa = PBXFileSystemSynchronizedRootGroup;
			path = CLCGrindsetAppUITests;
			sourceTree = "<group>";
		};
/* End PBXFileSystemSynchronizedRootGroup section */

/* Begin PBXFrameworksBuildPhase section */
		04B392CB2DAE8FB5000AC2C3 /* Frameworks */ = {
			isa = PBXFrameworksBuildPhase;
			buildActionMask = 2147483647;
			files = (
				6B5F70912DB7C91D000910E4 /* FirebaseDatabase in Frameworks */,
				6B5F708F2DB7C91D000910E4 /* FirebaseAuth in Frameworks */,
				6B5F70932DB7C91D000910E4 /* FirebaseFirestore in Frameworks */,
			);
			runOnlyForDeploymentPostprocessing = 0;
		};
		04B392E12DAE8FB7000AC2C3 /* Frameworks */ = {
			isa = PBXFrameworksBuildPhase;
			buildActionMask = 2147483647;
			files = (
			);
			runOnlyForDeploymentPostprocessing = 0;
		};
		04B392EB2DAE8FB7000AC2C3 /* Frameworks */ = {
			isa = PBXFrameworksBuildPhase;
			buildActionMask = 2147483647;
			files = (
			);
			runOnlyForDeploymentPostprocessing = 0;
		};
/* End PBXFrameworksBuildPhase section */

/* Begin PBXGroup section */
		04B392C52DAE8FB5000AC2C3 = {
			isa = PBXGroup;
			children = (
				04B392D02DAE8FB5000AC2C3 /* CLCGrindsetApp */,
				04B392E72DAE8FB7000AC2C3 /* CLCGrindsetAppTests */,
				04B392F12DAE8FB7000AC2C3 /* CLCGrindsetAppUITests */,
				04B392CF2DAE8FB5000AC2C3 /* Products */,
			);
			sourceTree = "<group>";
		};
		04B392CF2DAE8FB5000AC2C3 /* Products */ = {
			isa = PBXGroup;
			children = (
				04B392CE2DAE8FB5000AC2C3 /* CLCGrindsetApp.app */,
				04B392E42DAE8FB7000AC2C3 /* CLCGrindsetAppTests.xctest */,
				04B392EE2DAE8FB7000AC2C3 /* CLCGrindsetAppUITests.xctest */,
			);
			name = Products;
			sourceTree = "<group>";
		};
/* End PBXGroup section */

/* Begin PBXNativeTarget section */
		04B392CD2DAE8FB5000AC2C3 /* CLCGrindsetApp */ = {
			isa = PBXNativeTarget;
			buildConfigurationList = 04B392F72DAE8FB7000AC2C3 /* Build configuration list for PBXNativeTarget "CLCGrindsetApp" */;
			buildPhases = (
				04B392CA2DAE8FB5000AC2C3 /* Sources */,
				04B392CB2DAE8FB5000AC2C3 /* Frameworks */,
				04B392CC2DAE8FB5000AC2C3 /* Resources */,
			);
			buildRules = (
			);
			dependencies = (
			);
			fileSystemSynchronizedGroups = (
				04B392D02DAE8FB5000AC2C3 /* CLCGrindsetApp */,
			);
			name = CLCGrindsetApp;
			packageProductDependencies = (
				6B5F708E2DB7C91D000910E4 /* FirebaseAuth */,
				6B5F70902DB7C91D000910E4 /* FirebaseDatabase */,
				6B5F70922DB7C91D000910E4 /* FirebaseFirestore */,
			);
			productName = CLCGrindsetApp;
			productReference = 04B392CE2DAE8FB5000AC2C3 /* CLCGrindsetApp.app */;
			productType = "com.apple.product-type.application";
		};
		04B392E32DAE8FB7000AC2C3 /* CLCGrindsetAppTests */ = {
			isa = PBXNativeTarget;
			buildConfigurationList = 04B392FC2DAE8FB7000AC2C3 /* Build configuration list for PBXNativeTarget "CLCGrindsetAppTests" */;
			buildPhases = (
				04B392E02DAE8FB7000AC2C3 /* Sources */,
				04B392E12DAE8FB7000AC2C3 /* Frameworks */,
				04B392E22DAE8FB7000AC2C3 /* Resources */,
			);
			buildRules = (
			);
			dependencies = (
				04B392E62DAE8FB7000AC2C3 /* PBXTargetDependency */,
			);
			fileSystemSynchronizedGroups = (
				04B392E72DAE8FB7000AC2C3 /* CLCGrindsetAppTests */,
			);
			name = CLCGrindsetAppTests;
			packageProductDependencies = (
			);
			productName = CLCGrindsetAppTests;
			productReference = 04B392E42DAE8FB7000AC2C3 /* CLCGrindsetAppTests.xctest */;
			productType = "com.apple.product-type.bundle.unit-test";
		};
		04B392ED2DAE8FB7000AC2C3 /* CLCGrindsetAppUITests */ = {
			isa = PBXNativeTarget;
			buildConfigurationList = 04B392FF2DAE8FB7000AC2C3 /* Build configuration list for PBXNativeTarget "CLCGrindsetAppUITests" */;
			buildPhases = (
				04B392EA2DAE8FB7000AC2C3 /* Sources */,
				04B392EB2DAE8FB7000AC2C3 /* Frameworks */,
				04B392EC2DAE8FB7000AC2C3 /* Resources */,
			);
			buildRules = (
			);
			dependencies = (
				04B392F02DAE8FB7000AC2C3 /* PBXTargetDependency */,
			);
			fileSystemSynchronizedGroups = (
				04B392F12DAE8FB7000AC2C3 /* CLCGrindsetAppUITests */,
			);
			name = CLCGrindsetAppUITests;
			packageProductDependencies = (
			);
			productName = CLCGrindsetAppUITests;
			productReference = 04B392EE2DAE8FB7000AC2C3 /* CLCGrindsetAppUITests.xctest */;
			productType = "com.apple.product-type.bundle.ui-testing";
		};
/* End PBXNativeTarget section */

/* Begin PBXProject section */
		04B392C62DAE8FB5000AC2C3 /* Project object */ = {
			isa = PBXProject;
			attributes = {
				BuildIndependentTargetsInParallel = 1;
				LastSwiftUpdateCheck = 1620;
				LastUpgradeCheck = 1620;
				TargetAttributes = {
					04B392CD2DAE8FB5000AC2C3 = {
						CreatedOnToolsVersion = 16.2;
					};
					04B392E32DAE8FB7000AC2C3 = {
						CreatedOnToolsVersion = 16.2;
						TestTargetID = 04B392CD2DAE8FB5000AC2C3;
					};
					04B392ED2DAE8FB7000AC2C3 = {
						CreatedOnToolsVersion = 16.2;
						TestTargetID = 04B392CD2DAE8FB5000AC2C3;
					};
				};
			};
			buildConfigurationList = 04B392C92DAE8FB5000AC2C3 /* Build configuration list for PBXProject "CLCGrindsetApp" */;
			developmentRegion = en;
			hasScannedForEncodings = 0;
			knownRegions = (
				en,
				Base,
			);
			mainGroup = 04B392C52DAE8FB5000AC2C3;
			minimizedProjectReferenceProxies = 1;
			packageReferences = (
				6B5F708D2DB7C91D000910E4 /* XCRemoteSwiftPackageReference "firebase-ios-sdk" */,
			);
			preferredProjectObjectVersion = 77;
			productRefGroup = 04B392CF2DAE8FB5000AC2C3 /* Products */;
			projectDirPath = "";
			projectRoot = "";
			targets = (
				04B392CD2DAE8FB5000AC2C3 /* CLCGrindsetApp */,
				04B392E32DAE8FB7000AC2C3 /* CLCGrindsetAppTests */,
				04B392ED2DAE8FB7000AC2C3 /* CLCGrindsetAppUITests */,
			);
		};
/* End PBXProject section */

/* Begin PBXResourcesBuildPhase section */
		04B392CC2DAE8FB5000AC2C3 /* Resources */ = {
			isa = PBXResourcesBuildPhase;
			buildActionMask = 2147483647;
			files = (
			);
			runOnlyForDeploymentPostprocessing = 0;
		};
		04B392E22DAE8FB7000AC2C3 /* Resources */ = {
			isa = PBXResourcesBuildPhase;
			buildActionMask = 2147483647;
			files = (
			);
			runOnlyForDeploymentPostprocessing = 0;
		};
		04B392EC2DAE8FB7000AC2C3 /* Resources */ = {
			isa = PBXResourcesBuildPhase;
			buildActionMask = 2147483647;
			files = (
			);
			runOnlyForDeploymentPostprocessing = 0;
		};
/* End PBXResourcesBuildPhase section */

/* Begin PBXSourcesBuildPhase section */
		04B392CA2DAE8FB5000AC2C3 /* Sources */ = {
			isa = PBXSourcesBuildPhase;
			buildActionMask = 2147483647;
			files = (
			);
			runOnlyForDeploymentPostprocessing = 0;
		};
		04B392E02DAE8FB7000AC2C3 /* Sources */ = {
			isa = PBXSourcesBuildPhase;
			buildActionMask = 2147483647;
			files = (
			);
			runOnlyForDeploymentPostprocessing = 0;
		};
		04B392EA2DAE8FB7000AC2C3 /* Sources */ = {
			isa = PBXSourcesBuildPhase;
			buildActionMask = 2147483647;
			files = (
			);
			runOnlyForDeploymentPostprocessing = 0;
		};
/* End PBXSourcesBuildPhase section */

/* Begin PBXTargetDependency section */
		04B392E62DAE8FB7000AC2C3 /* PBXTargetDependency */ = {
			isa = PBXTargetDependency;
			target = 04B392CD2DAE8FB5000AC2C3 /* CLCGrindsetApp */;
			targetProxy = 04B392E52DAE8FB7000AC2C3 /* PBXContainerItemProxy */;
		};
		04B392F02DAE8FB7000AC2C3 /* PBXTargetDependency */ = {
			isa = PBXTargetDependency;
			target = 04B392CD2DAE8FB5000AC2C3 /* CLCGrindsetApp */;
			targetProxy = 04B392EF2DAE8FB7000AC2C3 /* PBXContainerItemProxy */;
		};
/* End PBXTargetDependency section */

/* Begin XCBuildConfiguration section */
		04B392F82DAE8FB7000AC2C3 /* Debug */ = {
			isa = XCBuildConfiguration;
			buildSettings = {
				ASSETCATALOG_COMPILER_APPICON_NAME = AppIcon;
				ASSETCATALOG_COMPILER_GLOBAL_ACCENT_COLOR_NAME = AccentColor;
				CODE_SIGN_STYLE = Automatic;
				CURRENT_PROJECT_VERSION = 1;
				DEVELOPMENT_TEAM = LKW7UKGZ29;
				GENERATE_INFOPLIST_FILE = YES;
				INFOPLIST_FILE = CLCGrindsetApp/Info.plist;
				INFOPLIST_KEY_UIApplicationSupportsIndirectInputEvents = YES;
				INFOPLIST_KEY_UILaunchStoryboardName = LaunchScreen;
				INFOPLIST_KEY_UIMainStoryboardFile = Main;
				INFOPLIST_KEY_UISupportedInterfaceOrientations_iPad = "UIInterfaceOrientationPortrait UIInterfaceOrientationPortraitUpsideDown UIInterfaceOrientationLandscapeLeft UIInterfaceOrientationLandscapeRight";
				INFOPLIST_KEY_UISupportedInterfaceOrientations_iPhone = "UIInterfaceOrientationPortrait UIInterfaceOrientationLandscapeLeft UIInterfaceOrientationLandscapeRight";
				LD_RUNPATH_SEARCH_PATHS = (
					"$(inherited)",
					"@executable_path/Frameworks",
				);
				MARKETING_VERSION = 1.0;
				PRODUCT_BUNDLE_IDENTIFIER = clc.CLCGrindsetApp;
				PRODUCT_NAME = "$(TARGET_NAME)";
				SWIFT_EMIT_LOC_STRINGS = YES;
				SWIFT_VERSION = 5.0;
				TARGETED_DEVICE_FAMILY = "1,2";
			};
			name = Debug;
		};
		04B392F92DAE8FB7000AC2C3 /* Release */ = {
			isa = XCBuildConfiguration;
			buildSettings = {
				ASSETCATALOG_COMPILER_APPICON_NAME = AppIcon;
				ASSETCATALOG_COMPILER_GLOBAL_ACCENT_COLOR_NAME = AccentColor;
				CODE_SIGN_STYLE = Automatic;
				CURRENT_PROJECT_VERSION = 1;
				DEVELOPMENT_TEAM = LKW7UKGZ29;
				GENERATE_INFOPLIST_FILE = YES;
				INFOPLIST_FILE = CLCGrindsetApp/Info.plist;
				INFOPLIST_KEY_UIApplicationSupportsIndirectInputEvents = YES;
				INFOPLIST_KEY_UILaunchStoryboardName = LaunchScreen;
				INFOPLIST_KEY_UIMainStoryboardFile = Main;
				INFOPLIST_KEY_UISupportedInterfaceOrientations_iPad = "UIInterfaceOrientationPortrait UIInterfaceOrientationPortraitUpsideDown UIInterfaceOrientationLandscapeLeft UIInterfaceOrientationLandscapeRight";
				INFOPLIST_KEY_UISupportedInterfaceOrientations_iPhone = "UIInterfaceOrientationPortrait UIInterfaceOrientationLandscapeLeft UIInterfaceOrientationLandscapeRight";
				LD_RUNPATH_SEARCH_PATHS = (
					"$(inherited)",
					"@executable_path/Frameworks",
				);
				MARKETING_VERSION = 1.0;
				PRODUCT_BUNDLE_IDENTIFIER = clc.CLCGrindsetApp;
				PRODUCT_NAME = "$(TARGET_NAME)";
				SWIFT_EMIT_LOC_STRINGS = YES;
				SWIFT_VERSION = 5.0;
				TARGETED_DEVICE_FAMILY = "1,2";
			};
			name = Release;
		};
		04B392FA2DAE8FB7000AC2C3 /* Debug */ = {
			isa = XCBuildConfiguration;
			buildSettings = {
				ALWAYS_SEARCH_USER_PATHS = NO;
				ASSETCATALOG_COMPILER_GENERATE_SWIFT_ASSET_SYMBOL_EXTENSIONS = YES;
				CLANG_ANALYZER_NONNULL = YES;
				CLANG_ANALYZER_NUMBER_OBJECT_CONVERSION = YES_AGGRESSIVE;
				CLANG_CXX_LANGUAGE_STANDARD = "gnu++20";
				CLANG_ENABLE_MODULES = YES;
				CLANG_ENABLE_OBJC_ARC = YES;
				CLANG_ENABLE_OBJC_WEAK = YES;
				CLANG_WARN_BLOCK_CAPTURE_AUTORELEASING = YES;
				CLANG_WARN_BOOL_CONVERSION = YES;
				CLANG_WARN_COMMA = YES;
				CLANG_WARN_CONSTANT_CONVERSION = YES;
				CLANG_WARN_DEPRECATED_OBJC_IMPLEMENTATIONS = YES;
				CLANG_WARN_DIRECT_OBJC_ISA_USAGE = YES_ERROR;
				CLANG_WARN_DOCUMENTATION_COMMENTS = YES;
				CLANG_WARN_EMPTY_BODY = YES;
				CLANG_WARN_ENUM_CONVERSION = YES;
				CLANG_WARN_INFINITE_RECURSION = YES;
				CLANG_WARN_INT_CONVERSION = YES;
				CLANG_WARN_NON_LITERAL_NULL_CONVERSION = YES;
				CLANG_WARN_OBJC_IMPLICIT_RETAIN_SELF = YES;
				CLANG_WARN_OBJC_LITERAL_CONVERSION = YES;
				CLANG_WARN_OBJC_ROOT_CLASS = YES_ERROR;
				CLANG_WARN_QUOTED_INCLUDE_IN_FRAMEWORK_HEADER = YES;
				CLANG_WARN_RANGE_LOOP_ANALYSIS = YES;
				CLANG_WARN_STRICT_PROTOTYPES = YES;
				CLANG_WARN_SUSPICIOUS_MOVE = YES;
				CLANG_WARN_UNGUARDED_AVAILABILITY = YES_AGGRESSIVE;
				CLANG_WARN_UNREACHABLE_CODE = YES;
				CLANG_WARN__DUPLICATE_METHOD_MATCH = YES;
				COPY_PHASE_STRIP = NO;
				DEBUG_INFORMATION_FORMAT = dwarf;
				ENABLE_STRICT_OBJC_MSGSEND = YES;
				ENABLE_TESTABILITY = YES;
				ENABLE_USER_SCRIPT_SANDBOXING = YES;
				GCC_C_LANGUAGE_STANDARD = gnu17;
				GCC_DYNAMIC_NO_PIC = NO;
				GCC_NO_COMMON_BLOCKS = YES;
				GCC_OPTIMIZATION_LEVEL = 0;
				GCC_PREPROCESSOR_DEFINITIONS = (
					"DEBUG=1",
					"$(inherited)",
				);
				GCC_WARN_64_TO_32_BIT_CONVERSION = YES;
				GCC_WARN_ABOUT_RETURN_TYPE = YES_ERROR;
				GCC_WARN_UNDECLARED_SELECTOR = YES;
				GCC_WARN_UNINITIALIZED_AUTOS = YES_AGGRESSIVE;
				GCC_WARN_UNUSED_FUNCTION = YES;
				GCC_WARN_UNUSED_VARIABLE = YES;
				IPHONEOS_DEPLOYMENT_TARGET = 18.2;
				LOCALIZATION_PREFERS_STRING_CATALOGS = YES;
				MTL_ENABLE_DEBUG_INFO = INCLUDE_SOURCE;
				MTL_FAST_MATH = YES;
				ONLY_ACTIVE_ARCH = YES;
				SDKROOT = iphoneos;
				SWIFT_ACTIVE_COMPILATION_CONDITIONS = "DEBUG $(inherited)";
				SWIFT_OPTIMIZATION_LEVEL = "-Onone";
			};
			name = Debug;
		};
		04B392FB2DAE8FB7000AC2C3 /* Release */ = {
			isa = XCBuildConfiguration;
			buildSettings = {
				ALWAYS_SEARCH_USER_PATHS = NO;
				ASSETCATALOG_COMPILER_GENERATE_SWIFT_ASSET_SYMBOL_EXTENSIONS = YES;
				CLANG_ANALYZER_NONNULL = YES;
				CLANG_ANALYZER_NUMBER_OBJECT_CONVERSION = YES_AGGRESSIVE;
				CLANG_CXX_LANGUAGE_STANDARD = "gnu++20";
				CLANG_ENABLE_MODULES = YES;
				CLANG_ENABLE_OBJC_ARC = YES;
				CLANG_ENABLE_OBJC_WEAK = YES;
				CLANG_WARN_BLOCK_CAPTURE_AUTORELEASING = YES;
				CLANG_WARN_BOOL_CONVERSION = YES;
				CLANG_WARN_COMMA = YES;
				CLANG_WARN_CONSTANT_CONVERSION = YES;
				CLANG_WARN_DEPRECATED_OBJC_IMPLEMENTATIONS = YES;
				CLANG_WARN_DIRECT_OBJC_ISA_USAGE = YES_ERROR;
				CLANG_WARN_DOCUMENTATION_COMMENTS = YES;
				CLANG_WARN_EMPTY_BODY = YES;
				CLANG_WARN_ENUM_CONVERSION = YES;
				CLANG_WARN_INFINITE_RECURSION = YES;
				CLANG_WARN_INT_CONVERSION = YES;
				CLANG_WARN_NON_LITERAL_NULL_CONVERSION = YES;
				CLANG_WARN_OBJC_IMPLICIT_RETAIN_SELF = YES;
				CLANG_WARN_OBJC_LITERAL_CONVERSION = YES;
				CLANG_WARN_OBJC_ROOT_CLASS = YES_ERROR;
				CLANG_WARN_QUOTED_INCLUDE_IN_FRAMEWORK_HEADER = YES;
				CLANG_WARN_RANGE_LOOP_ANALYSIS = YES;
				CLANG_WARN_STRICT_PROTOTYPES = YES;
				CLANG_WARN_SUSPICIOUS_MOVE = YES;
				CLANG_WARN_UNGUARDED_AVAILABILITY = YES_AGGRESSIVE;
				CLANG_WARN_UNREACHABLE_CODE = YES;
				CLANG_WARN__DUPLICATE_METHOD_MATCH = YES;
				COPY_PHASE_STRIP = NO;
				DEBUG_INFORMATION_FORMAT = "dwarf-with-dsym";
				ENABLE_NS_ASSERTIONS = NO;
				ENABLE_STRICT_OBJC_MSGSEND = YES;
				ENABLE_USER_SCRIPT_SANDBOXING = YES;
				GCC_C_LANGUAGE_STANDARD = gnu17;
				GCC_NO_COMMON_BLOCKS = YES;
				GCC_WARN_64_TO_32_BIT_CONVERSION = YES;
				GCC_WARN_ABOUT_RETURN_TYPE = YES_ERROR;
				GCC_WARN_UNDECLARED_SELECTOR = YES;
				GCC_WARN_UNINITIALIZED_AUTOS = YES_AGGRESSIVE;
				GCC_WARN_UNUSED_FUNCTION = YES;
				GCC_WARN_UNUSED_VARIABLE = YES;
				IPHONEOS_DEPLOYMENT_TARGET = 18.2;
				LOCALIZATION_PREFERS_STRING_CATALOGS = YES;
				MTL_ENABLE_DEBUG_INFO = NO;
				MTL_FAST_MATH = YES;
				SDKROOT = iphoneos;
				SWIFT_COMPILATION_MODE = wholemodule;
				VALIDATE_PRODUCT = YES;
			};
			name = Release;
		};
		04B392FD2DAE8FB7000AC2C3 /* Debug */ = {
			isa = XCBuildConfiguration;
			buildSettings = {
				BUNDLE_LOADER = "$(TEST_HOST)";
				CODE_SIGN_STYLE = Automatic;
				CURRENT_PROJECT_VERSION = 1;
				GENERATE_INFOPLIST_FILE = YES;
				IPHONEOS_DEPLOYMENT_TARGET = 18.2;
				MARKETING_VERSION = 1.0;
				PRODUCT_BUNDLE_IDENTIFIER = clc.CLCGrindsetAppTests;
				PRODUCT_NAME = "$(TARGET_NAME)";
				SWIFT_EMIT_LOC_STRINGS = NO;
				SWIFT_VERSION = 5.0;
				TARGETED_DEVICE_FAMILY = "1,2";
				TEST_HOST = "$(BUILT_PRODUCTS_DIR)/CLCGrindsetApp.app/$(BUNDLE_EXECUTABLE_FOLDER_PATH)/CLCGrindsetApp";
			};
			name = Debug;
		};
		04B392FE2DAE8FB7000AC2C3 /* Release */ = {
			isa = XCBuildConfiguration;
			buildSettings = {
				BUNDLE_LOADER = "$(TEST_HOST)";
				CODE_SIGN_STYLE = Automatic;
				CURRENT_PROJECT_VERSION = 1;
				GENERATE_INFOPLIST_FILE = YES;
				IPHONEOS_DEPLOYMENT_TARGET = 18.2;
				MARKETING_VERSION = 1.0;
				PRODUCT_BUNDLE_IDENTIFIER = clc.CLCGrindsetAppTests;
				PRODUCT_NAME = "$(TARGET_NAME)";
				SWIFT_EMIT_LOC_STRINGS = NO;
				SWIFT_VERSION = 5.0;
				TARGETED_DEVICE_FAMILY = "1,2";
				TEST_HOST = "$(BUILT_PRODUCTS_DIR)/CLCGrindsetApp.app/$(BUNDLE_EXECUTABLE_FOLDER_PATH)/CLCGrindsetApp";
			};
			name = Release;
		};
		04B393002DAE8FB7000AC2C3 /* Debug */ = {
			isa = XCBuildConfiguration;
			buildSettings = {
				CODE_SIGN_STYLE = Automatic;
				CURRENT_PROJECT_VERSION = 1;
				GENERATE_INFOPLIST_FILE = YES;
				MARKETING_VERSION = 1.0;
				PRODUCT_BUNDLE_IDENTIFIER = clc.CLCGrindsetAppUITests;
				PRODUCT_NAME = "$(TARGET_NAME)";
				SWIFT_EMIT_LOC_STRINGS = NO;
				SWIFT_VERSION = 5.0;
				TARGETED_DEVICE_FAMILY = "1,2";
				TEST_TARGET_NAME = CLCGrindsetApp;
			};
			name = Debug;
		};
		04B393012DAE8FB7000AC2C3 /* Release */ = {
			isa = XCBuildConfiguration;
			buildSettings = {
				CODE_SIGN_STYLE = Automatic;
				CURRENT_PROJECT_VERSION = 1;
				GENERATE_INFOPLIST_FILE = YES;
				MARKETING_VERSION = 1.0;
				PRODUCT_BUNDLE_IDENTIFIER = clc.CLCGrindsetAppUITests;
				PRODUCT_NAME = "$(TARGET_NAME)";
				SWIFT_EMIT_LOC_STRINGS = NO;
				SWIFT_VERSION = 5.0;
				TARGETED_DEVICE_FAMILY = "1,2";
				TEST_TARGET_NAME = CLCGrindsetApp;
			};
			name = Release;
		};
/* End XCBuildConfiguration section */

/* Begin XCConfigurationList section */
		04B392C92DAE8FB5000AC2C3 /* Build configuration list for PBXProject "CLCGrindsetApp" */ = {
			isa = XCConfigurationList;
			buildConfigurations = (
				04B392FA2DAE8FB7000AC2C3 /* Debug */,
				04B392FB2DAE8FB7000AC2C3 /* Release */,
			);
			defaultConfigurationIsVisible = 0;
			defaultConfigurationName = Release;
		};
		04B392F72DAE8FB7000AC2C3 /* Build configuration list for PBXNativeTarget "CLCGrindsetApp" */ = {
			isa = XCConfigurationList;
			buildConfigurations = (
				04B392F82DAE8FB7000AC2C3 /* Debug */,
				04B392F92DAE8FB7000AC2C3 /* Release */,
			);
			defaultConfigurationIsVisible = 0;
			defaultConfigurationName = Release;
		};
		04B392FC2DAE8FB7000AC2C3 /* Build configuration list for PBXNativeTarget "CLCGrindsetAppTests" */ = {
			isa = XCConfigurationList;
			buildConfigurations = (
				04B392FD2DAE8FB7000AC2C3 /* Debug */,
				04B392FE2DAE8FB7000AC2C3 /* Release */,
			);
			defaultConfigurationIsVisible = 0;
			defaultConfigurationName = Release;
		};
		04B392FF2DAE8FB7000AC2C3 /* Build configuration list for PBXNativeTarget "CLCGrindsetAppUITests" */ = {
			isa = XCConfigurationList;
			buildConfigurations = (
				04B393002DAE8FB7000AC2C3 /* Debug */,
				04B393012DAE8FB7000AC2C3 /* Release */,
			);
			defaultConfigurationIsVisible = 0;
			defaultConfigurationName = Release;
		};
/* End XCConfigurationList section */

/* Begin XCRemoteSwiftPackageReference section */
		6B5F708D2DB7C91D000910E4 /* XCRemoteSwiftPackageReference "firebase-ios-sdk" */ = {
			isa = XCRemoteSwiftPackageReference;
			repositoryURL = "https://github.com/firebase/firebase-ios-sdk";
			requirement = {
				kind = upToNextMajorVersion;
				minimumVersion = 11.12.0;
			};
		};
/* End XCRemoteSwiftPackageReference section */

/* Begin XCSwiftPackageProductDependency section */
		6B5F708E2DB7C91D000910E4 /* FirebaseAuth */ = {
			isa = XCSwiftPackageProductDependency;
			package = 6B5F708D2DB7C91D000910E4 /* XCRemoteSwiftPackageReference "firebase-ios-sdk" */;
			productName = FirebaseAuth;
		};
		6B5F70902DB7C91D000910E4 /* FirebaseDatabase */ = {
			isa = XCSwiftPackageProductDependency;
			package = 6B5F708D2DB7C91D000910E4 /* XCRemoteSwiftPackageReference "firebase-ios-sdk" */;
			productName = FirebaseDatabase;
		};
		6B5F70922DB7C91D000910E4 /* FirebaseFirestore */ = {
			isa = XCSwiftPackageProductDependency;
			package = 6B5F708D2DB7C91D000910E4 /* XCRemoteSwiftPackageReference "firebase-ios-sdk" */;
			productName = FirebaseFirestore;
		};
/* End XCSwiftPackageProductDependency section */
	};
	rootObject = 04B392C62DAE8FB5000AC2C3 /* Project object */;
}
